
Microsoft Visual Studio Solution File, Format Version 12.00
# Visual Studio Version 17
VisualStudioVersion = 17.9.34728.123
MinimumVisualStudioVersion = 10.0.40219.1
Project("{F184B08F-C81C-45F6-A57F-5ABD9991F28F}") = "Balombaa", "Balombaa\Balombaa.vbproj", "{72E69779-0753-4B72-8B31-881EF092B3AF}"
EndProject
Global
	GlobalSection(SolutionConfigurationPlatforms) = preSolution
		Debug|Any CPU = Debug|Any CPU
		Release|Any CPU = Release|Any CPU
	EndGlobalSection
	GlobalSection(ProjectConfigurationPlatforms) = postSolution
		{72E69779-0753-4B72-8B31-881EF092B3AF}.Debug|Any CPU.ActiveCfg = Debug|Any CPU
		{72E69779-0753-4B72-8B31-881EF092B3AF}.Debug|Any CPU.Build.0 = Debug|Any CPU
		{72E69779-0753-4B72-8B31-881EF092B3AF}.Release|Any CPU.ActiveCfg = Release|Any CPU
		{72E69779-0753-4B72-8B31-881EF092B3AF}.Release|Any CPU.Build.0 = Release|Any CPU
	EndGlobalSection
	GlobalSection(SolutionProperties) = preSolution
		HideSolutionNode = FALSE
	EndGlobalSection
	GlobalSection(ExtensibilityGlobals) = postSolution
		SolutionGuid = {FAAA1AA8-F669-4236-97B6-CC66087928DF}
	EndGlobalSection
EndGlobal
