
Microsoft Visual Studio Solution File, Format Version 12.00
# Visual Studio Version 17
VisualStudioVersion = 17.9.34723.18
MinimumVisualStudioVersion = 10.0.40219.1
Project("{F184B08F-C81C-45F6-A57F-5ABD9991F28F}") = "tugas akhir", "tugas akhir\tugas akhir.vbproj", "{F26EC5EB-CC99-433E-BC82-C098CD94C1C2}"
EndProject
Global
	GlobalSection(SolutionConfigurationPlatforms) = preSolution
		Debug|Any CPU = Debug|Any CPU
		Release|Any CPU = Release|Any CPU
	EndGlobalSection
	GlobalSection(ProjectConfigurationPlatforms) = postSolution
		{F26EC5EB-CC99-433E-BC82-C098CD94C1C2}.Debug|Any CPU.ActiveCfg = Debug|Any CPU
		{F26EC5EB-CC99-433E-BC82-C098CD94C1C2}.Debug|Any CPU.Build.0 = Debug|Any CPU
		{F26EC5EB-CC99-433E-BC82-C098CD94C1C2}.Release|Any CPU.ActiveCfg = Release|Any CPU
		{F26EC5EB-CC99-433E-BC82-C098CD94C1C2}.Release|Any CPU.Build.0 = Release|Any CPU
	EndGlobalSection
	GlobalSection(SolutionProperties) = preSolution
		HideSolutionNode = FALSE
	EndGlobalSection
	GlobalSection(ExtensibilityGlobals) = postSolution
		SolutionGuid = {64706618-C785-4520-8DB6-2BDF73C45900}
	EndGlobalSection
EndGlobal
